
Microsoft Visual Studio Solution File, Format Version 12.00
Project("{FAE04EC0-301F-11D3-BF4B-00C04F79EFBC}") = "OBRmain", "OBRmain\OBRmain.csproj", "{78B70947-D531-4907-970D-BCDB9B926724}"
EndProject
Global
	GlobalSection(SolutionConfigurationPlatforms) = preSolution
		Debug|Any CPU = Debug|Any CPU
		Release|Any CPU = Release|Any CPU
	EndGlobalSection
	GlobalSection(ProjectConfigurationPlatforms) = postSolution
		{78B70947-D531-4907-970D-BCDB9B926724}.Debug|Any CPU.ActiveCfg = Debug|Any CPU
		{78B70947-D531-4907-970D-BCDB9B926724}.Debug|Any CPU.Build.0 = Debug|Any CPU
		{78B70947-D531-4907-970D-BCDB9B926724}.Release|Any CPU.ActiveCfg = Release|Any CPU
		{78B70947-D531-4907-970D-BCDB9B926724}.Release|Any CPU.Build.0 = Release|Any CPU
	EndGlobalSection
EndGlobal
